
Microsoft Visual Studio Solution File, Format Version 12.00
# Visual Studio Version 17
VisualStudioVersion = 17.3.32811.315
MinimumVisualStudioVersion = 10.0.40219.1
Project("{FAE04EC0-301F-11D3-BF4B-00C04F79EFBC}") = "ProjectedRaisesInteractive", "ProjectedRaisesInteractive\ProjectedRaisesInteractive.csproj", "{C16E3833-0844-4744-8BF3-0B4D35F2A246}"
EndProject
Global
	GlobalSection(SolutionConfigurationPlatforms) = preSolution
		Debug|Any CPU = Debug|Any CPU
		Release|Any CPU = Release|Any CPU
	EndGlobalSection
	GlobalSection(ProjectConfigurationPlatforms) = postSolution
		{C16E3833-0844-4744-8BF3-0B4D35F2A246}.Debug|Any CPU.ActiveCfg = Debug|Any CPU
		{C16E3833-0844-4744-8BF3-0B4D35F2A246}.Debug|Any CPU.Build.0 = Debug|Any CPU
		{C16E3833-0844-4744-8BF3-0B4D35F2A246}.Release|Any CPU.ActiveCfg = Release|Any CPU
		{C16E3833-0844-4744-8BF3-0B4D35F2A246}.Release|Any CPU.Build.0 = Release|Any CPU
	EndGlobalSection
	GlobalSection(SolutionProperties) = preSolution
		HideSolutionNode = FALSE
	EndGlobalSection
	GlobalSection(ExtensibilityGlobals) = postSolution
		SolutionGuid = {8B9D2F74-9AD5-4A4A-B96B-25B3CC36604F}
	EndGlobalSection
EndGlobal
