
Microsoft Visual Studio Solution File, Format Version 12.00
# Visual Studio Version 17
VisualStudioVersion = 17.3.32811.315
MinimumVisualStudioVersion = 10.0.40219.1
Project("{FAE04EC0-301F-11D3-BF4B-00C04F79EFBC}") = "BreezyViewApartments", "BreezyViewApartments\BreezyViewApartments.csproj", "{11143AFB-2993-43DC-808C-401D78C107EF}"
EndProject
Global
	GlobalSection(SolutionConfigurationPlatforms) = preSolution
		Debug|Any CPU = Debug|Any CPU
		Release|Any CPU = Release|Any CPU
	EndGlobalSection
	GlobalSection(ProjectConfigurationPlatforms) = postSolution
		{11143AFB-2993-43DC-808C-401D78C107EF}.Debug|Any CPU.ActiveCfg = Debug|Any CPU
		{11143AFB-2993-43DC-808C-401D78C107EF}.Debug|Any CPU.Build.0 = Debug|Any CPU
		{11143AFB-2993-43DC-808C-401D78C107EF}.Release|Any CPU.ActiveCfg = Release|Any CPU
		{11143AFB-2993-43DC-808C-401D78C107EF}.Release|Any CPU.Build.0 = Release|Any CPU
	EndGlobalSection
	GlobalSection(SolutionProperties) = preSolution
		HideSolutionNode = FALSE
	EndGlobalSection
	GlobalSection(ExtensibilityGlobals) = postSolution
		SolutionGuid = {98581A98-852B-45BD-9D81-CADA92C8AF3C}
	EndGlobalSection
EndGlobal
