
Microsoft Visual Studio Solution File, Format Version 12.00
# Visual Studio Version 17
VisualStudioVersion = 17.3.32811.315
MinimumVisualStudioVersion = 10.0.40219.1
Project("{FAE04EC0-301F-11D3-BF4B-00C04F79EFBC}") = "ProjectedRaises", "ProjectedRaises\ProjectedRaises.csproj", "{853DCA6A-1839-4724-B5CF-55710A14CC7D}"
EndProject
Global
	GlobalSection(SolutionConfigurationPlatforms) = preSolution
		Debug|Any CPU = Debug|Any CPU
		Release|Any CPU = Release|Any CPU
	EndGlobalSection
	GlobalSection(ProjectConfigurationPlatforms) = postSolution
		{853DCA6A-1839-4724-B5CF-55710A14CC7D}.Debug|Any CPU.ActiveCfg = Debug|Any CPU
		{853DCA6A-1839-4724-B5CF-55710A14CC7D}.Debug|Any CPU.Build.0 = Debug|Any CPU
		{853DCA6A-1839-4724-B5CF-55710A14CC7D}.Release|Any CPU.ActiveCfg = Release|Any CPU
		{853DCA6A-1839-4724-B5CF-55710A14CC7D}.Release|Any CPU.Build.0 = Release|Any CPU
	EndGlobalSection
	GlobalSection(SolutionProperties) = preSolution
		HideSolutionNode = FALSE
	EndGlobalSection
	GlobalSection(ExtensibilityGlobals) = postSolution
		SolutionGuid = {0F0E6340-602B-4485-92DF-772EC332E7D3}
	EndGlobalSection
EndGlobal
